// !$*UTF8*$!
{
	archiveVersion = 1;
	classes = {
	};
	objectVersion = 55;
	objects = {

/* Begin PBXBuildFile section */
		06259BC227CA05360009EE67 /* AppDelegate.swift in Sources */ = {isa = PBXBuildFile; fileRef = 06259BC127CA05360009EE67 /* AppDelegate.swift */; };
		06259BC427CA05360009EE67 /* SceneDelegate.swift in Sources */ = {isa = PBXBuildFile; fileRef = 06259BC327CA05360009EE67 /* SceneDelegate.swift */; };
		06259BC627CA05360009EE67 /* MainViewController.swift in Sources */ = {isa = PBXBuildFile; fileRef = 06259BC527CA05360009EE67 /* MainViewController.swift */; };
		06259BC927CA05360009EE67 /* Main.storyboard in Resources */ = {isa = PBXBuildFile; fileRef = 06259BC727CA05360009EE67 /* Main.storyboard */; };
		06259BCB27CA05370009EE67 /* Assets.xcassets in Resources */ = {isa = PBXBuildFile; fileRef = 06259BCA27CA05370009EE67 /* Assets.xcassets */; };
		06259BCE27CA05370009EE67 /* LaunchScreen.storyboard in Resources */ = {isa = PBXBuildFile; fileRef = 06259BCC27CA05370009EE67 /* LaunchScreen.storyboard */; };
		06259BD927CA05370009EE67 /* SimpleDemoProject1Tests.swift in Sources */ = {isa = PBXBuildFile; fileRef = 06259BD827CA05370009EE67 /* SimpleDemoProject1Tests.swift */; };
		06259BE327CA05370009EE67 /* SimpleDemoProject1UITests.swift in Sources */ = {isa = PBXBuildFile; fileRef = 06259BE227CA05370009EE67 /* SimpleDemoProject1UITests.swift */; };
		06259BE527CA05370009EE67 /* SimpleDemoProject1UITestsLaunchTests.swift in Sources */ = {isa = PBXBuildFile; fileRef = 06259BE427CA05370009EE67 /* SimpleDemoProject1UITestsLaunchTests.swift */; };
		06259BF827CA05C00009EE67 /* BaseModel.swift in Sources */ = {isa = PBXBuildFile; fileRef = 06259BF727CA05C00009EE67 /* BaseModel.swift */; };
		06259BFA27CA06210009EE67 /* APIService.swift in Sources */ = {isa = PBXBuildFile; fileRef = 06259BF927CA06210009EE67 /* APIService.swift */; };
		06259BFC27CA084B0009EE67 /* Coin.swift in Sources */ = {isa = PBXBuildFile; fileRef = 06259BFB27CA084B0009EE67 /* Coin.swift */; };
		06259C0027CA11140009EE67 /* HTTPStatusCode.swift in Sources */ = {isa = PBXBuildFile; fileRef = 06259BFF27CA11140009EE67 /* HTTPStatusCode.swift */; };
		06259C0227CA13120009EE67 /* ErrorResponse.swift in Sources */ = {isa = PBXBuildFile; fileRef = 06259C0127CA13120009EE67 /* ErrorResponse.swift */; };
		06259C0427CA13AC0009EE67 /* BaseError.swift in Sources */ = {isa = PBXBuildFile; fileRef = 06259C0327CA13AC0009EE67 /* BaseError.swift */; };
		06259C0727CA17D40009EE67 /* HTTPMethod.swift in Sources */ = {isa = PBXBuildFile; fileRef = 06259C0627CA17D40009EE67 /* HTTPMethod.swift */; };
		06259C0927CA18840009EE67 /* BaseRequest.swift in Sources */ = {isa = PBXBuildFile; fileRef = 06259C0827CA18840009EE67 /* BaseRequest.swift */; };
		06259C0B27CA26200009EE67 /* CoinsRequest.swift in Sources */ = {isa = PBXBuildFile; fileRef = 06259C0A27CA26200009EE67 /* CoinsRequest.swift */; };
		06259C0D27CA26770009EE67 /* URLs.swift in Sources */ = {isa = PBXBuildFile; fileRef = 06259C0C27CA26770009EE67 /* URLs.swift */; };
		06259C1027CA276C0009EE67 /* Constants.swift in Sources */ = {isa = PBXBuildFile; fileRef = 06259C0F27CA276C0009EE67 /* Constants.swift */; };
		06259C1427CA30A10009EE67 /* CoinTableViewCell.swift in Sources */ = {isa = PBXBuildFile; fileRef = 06259C1227CA30A10009EE67 /* CoinTableViewCell.swift */; };
		06259C1527CA30A10009EE67 /* CoinTableViewCell.xib in Resources */ = {isa = PBXBuildFile; fileRef = 06259C1327CA30A10009EE67 /* CoinTableViewCell.xib */; };
		06259C1727CA31C10009EE67 /* ReusableView.swift in Sources */ = {isa = PBXBuildFile; fileRef = 06259C1627CA31C10009EE67 /* ReusableView.swift */; };
		06259C1A27CA33240009EE67 /* CoinsRepository.swift in Sources */ = {isa = PBXBuildFile; fileRef = 06259C1927CA33240009EE67 /* CoinsRepository.swift */; };
		067737A327CB5CA600E1D51D /* CoinsResponse.swift in Sources */ = {isa = PBXBuildFile; fileRef = 067737A227CB5CA600E1D51D /* CoinsResponse.swift */; };
		067737A527CB5E0F00E1D51D /* Response.swift in Sources */ = {isa = PBXBuildFile; fileRef = 067737A427CB5E0F00E1D51D /* Response.swift */; };
		067737A727CB6E1400E1D51D /* ImageCache.swift in Sources */ = {isa = PBXBuildFile; fileRef = 067737A627CB6E1400E1D51D /* ImageCache.swift */; };
		067737AA27CB6EF000E1D51D /* UIImage+.swift in Sources */ = {isa = PBXBuildFile; fileRef = 067737A927CB6EF000E1D51D /* UIImage+.swift */; };
		067737AE27CB719700E1D51D /* CoinDetailViewController.swift in Sources */ = {isa = PBXBuildFile; fileRef = 067737AC27CB719700E1D51D /* CoinDetailViewController.swift */; };
		067737AF27CB719700E1D51D /* CoinDetailViewController.xib in Resources */ = {isa = PBXBuildFile; fileRef = 067737AD27CB719700E1D51D /* CoinDetailViewController.xib */; };
/* End PBXBuildFile section */

/* Begin PBXContainerItemProxy section */
		06259BD527CA05370009EE67 /* PBXContainerItemProxy */ = {
			isa = PBXContainerItemProxy;
			containerPortal = 06259BB627CA05360009EE67 /* Project object */;
			proxyType = 1;
			remoteGlobalIDString = 06259BBD27CA05360009EE67;
			remoteInfo = SimpleDemoProject1;
		};
		06259BDF27CA05370009EE67 /* PBXContainerItemProxy */ = {
			isa = PBXContainerItemProxy;
			containerPortal = 06259BB627CA05360009EE67 /* Project object */;
			proxyType = 1;
			remoteGlobalIDString = 06259BBD27CA05360009EE67;
			remoteInfo = SimpleDemoProject1;
		};
/* End PBXContainerItemProxy section */

/* Begin PBXFileReference section */
		06259BBE27CA05360009EE67 /* SimpleDemoProject1.app */ = {isa = PBXFileReference; explicitFileType = wrapper.application; includeInIndex = 0; path = SimpleDemoProject1.app; sourceTree = BUILT_PRODUCTS_DIR; };
		06259BC127CA05360009EE67 /* AppDelegate.swift */ = {isa = PBXFileReference; lastKnownFileType = sourcecode.swift; path = AppDelegate.swift; sourceTree = "<group>"; };
		06259BC327CA05360009EE67 /* SceneDelegate.swift */ = {isa = PBXFileReference; lastKnownFileType = sourcecode.swift; path = SceneDelegate.swift; sourceTree = "<group>"; };
		06259BC527CA05360009EE67 /* MainViewController.swift */ = {isa = PBXFileReference; lastKnownFileType = sourcecode.swift; path = MainViewController.swift; sourceTree = "<group>"; };
		06259BC827CA05360009EE67 /* Base */ = {isa = PBXFileReference; lastKnownFileType = file.storyboard; name = Base; path = Base.lproj/Main.storyboard; sourceTree = "<group>"; };
		06259BCA27CA05370009EE67 /* Assets.xcassets */ = {isa = PBXFileReference; lastKnownFileType = folder.assetcatalog; path = Assets.xcassets; sourceTree = "<group>"; };
		06259BCD27CA05370009EE67 /* Base */ = {isa = PBXFileReference; lastKnownFileType = file.storyboard; name = Base; path = Base.lproj/LaunchScreen.storyboard; sourceTree = "<group>"; };
		06259BCF27CA05370009EE67 /* Info.plist */ = {isa = PBXFileReference; lastKnownFileType = text.plist.xml; path = Info.plist; sourceTree = "<group>"; };
		06259BD427CA05370009EE67 /* SimpleDemoProject1Tests.xctest */ = {isa = PBXFileReference; explicitFileType = wrapper.cfbundle; includeInIndex = 0; path = SimpleDemoProject1Tests.xctest; sourceTree = BUILT_PRODUCTS_DIR; };
		06259BD827CA05370009EE67 /* SimpleDemoProject1Tests.swift */ = {isa = PBXFileReference; lastKnownFileType = sourcecode.swift; path = SimpleDemoProject1Tests.swift; sourceTree = "<group>"; };
		06259BDE27CA05370009EE67 /* SimpleDemoProject1UITests.xctest */ = {isa = PBXFileReference; explicitFileType = wrapper.cfbundle; includeInIndex = 0; path = SimpleDemoProject1UITests.xctest; sourceTree = BUILT_PRODUCTS_DIR; };
		06259BE227CA05370009EE67 /* SimpleDemoProject1UITests.swift */ = {isa = PBXFileReference; lastKnownFileType = sourcecode.swift; path = SimpleDemoProject1UITests.swift; sourceTree = "<group>"; };
		06259BE427CA05370009EE67 /* SimpleDemoProject1UITestsLaunchTests.swift */ = {isa = PBXFileReference; lastKnownFileType = sourcecode.swift; path = SimpleDemoProject1UITestsLaunchTests.swift; sourceTree = "<group>"; };
		06259BF727CA05C00009EE67 /* BaseModel.swift */ = {isa = PBXFileReference; lastKnownFileType = sourcecode.swift; path = BaseModel.swift; sourceTree = "<group>"; };
		06259BF927CA06210009EE67 /* APIService.swift */ = {isa = PBXFileReference; lastKnownFileType = sourcecode.swift; path = APIService.swift; sourceTree = "<group>"; };
		06259BFB27CA084B0009EE67 /* Coin.swift */ = {isa = PBXFileReference; lastKnownFileType = sourcecode.swift; path = Coin.swift; sourceTree = "<group>"; };
		06259BFF27CA11140009EE67 /* HTTPStatusCode.swift */ = {isa = PBXFileReference; lastKnownFileType = sourcecode.swift; path = HTTPStatusCode.swift; sourceTree = "<group>"; };
		06259C0127CA13120009EE67 /* ErrorResponse.swift */ = {isa = PBXFileReference; lastKnownFileType = sourcecode.swift; path = ErrorResponse.swift; sourceTree = "<group>"; };
		06259C0327CA13AC0009EE67 /* BaseError.swift */ = {isa = PBXFileReference; lastKnownFileType = sourcecode.swift; path = BaseError.swift; sourceTree = "<group>"; };
		06259C0627CA17D40009EE67 /* HTTPMethod.swift */ = {isa = PBXFileReference; lastKnownFileType = sourcecode.swift; path = HTTPMethod.swift; sourceTree = "<group>"; };
		06259C0827CA18840009EE67 /* BaseRequest.swift */ = {isa = PBXFileReference; lastKnownFileType = sourcecode.swift; path = BaseRequest.swift; sourceTree = "<group>"; };
		06259C0A27CA26200009EE67 /* CoinsRequest.swift */ = {isa = PBXFileReference; lastKnownFileType = sourcecode.swift; path = CoinsRequest.swift; sourceTree = "<group>"; };
		06259C0C27CA26770009EE67 /* URLs.swift */ = {isa = PBXFileReference; lastKnownFileType = sourcecode.swift; path = URLs.swift; sourceTree = "<group>"; };
		06259C0F27CA276C0009EE67 /* Constants.swift */ = {isa = PBXFileReference; lastKnownFileType = sourcecode.swift; path = Constants.swift; sourceTree = "<group>"; };
		06259C1227CA30A10009EE67 /* CoinTableViewCell.swift */ = {isa = PBXFileReference; lastKnownFileType = sourcecode.swift; path = CoinTableViewCell.swift; sourceTree = "<group>"; };
		06259C1327CA30A10009EE67 /* CoinTableViewCell.xib */ = {isa = PBXFileReference; lastKnownFileType = file.xib; path = CoinTableViewCell.xib; sourceTree = "<group>"; };
		06259C1627CA31C10009EE67 /* ReusableView.swift */ = {isa = PBXFileReference; lastKnownFileType = sourcecode.swift; path = ReusableView.swift; sourceTree = "<group>"; };
		06259C1927CA33240009EE67 /* CoinsRepository.swift */ = {isa = PBXFileReference; lastKnownFileType = sourcecode.swift; path = CoinsRepository.swift; sourceTree = "<group>"; };
		067737A227CB5CA600E1D51D /* CoinsResponse.swift */ = {isa = PBXFileReference; lastKnownFileType = sourcecode.swift; path = CoinsResponse.swift; sourceTree = "<group>"; };
		067737A427CB5E0F00E1D51D /* Response.swift */ = {isa = PBXFileReference; lastKnownFileType = sourcecode.swift; path = Response.swift; sourceTree = "<group>"; };
		067737A627CB6E1400E1D51D /* ImageCache.swift */ = {isa = PBXFileReference; lastKnownFileType = sourcecode.swift; path = ImageCache.swift; sourceTree = "<group>"; };
		067737A927CB6EF000E1D51D /* UIImage+.swift */ = {isa = PBXFileReference; lastKnownFileType = sourcecode.swift; path = "UIImage+.swift"; sourceTree = "<group>"; };
		067737AC27CB719700E1D51D /* CoinDetailViewController.swift */ = {isa = PBXFileReference; lastKnownFileType = sourcecode.swift; path = CoinDetailViewController.swift; sourceTree = "<group>"; };
		067737AD27CB719700E1D51D /* CoinDetailViewController.xib */ = {isa = PBXFileReference; lastKnownFileType = file.xib; path = CoinDetailViewController.xib; sourceTree = "<group>"; };
/* End PBXFileReference section */

/* Begin PBXFrameworksBuildPhase section */
		06259BBB27CA05360009EE67 /* Frameworks */ = {
			isa = PBXFrameworksBuildPhase;
			buildActionMask = 2147483647;
			files = (
			);
			runOnlyForDeploymentPostprocessing = 0;
		};
		06259BD127CA05370009EE67 /* Frameworks */ = {
			isa = PBXFrameworksBuildPhase;
			buildActionMask = 2147483647;
			files = (
			);
			runOnlyForDeploymentPostprocessing = 0;
		};
		06259BDB27CA05370009EE67 /* Frameworks */ = {
			isa = PBXFrameworksBuildPhase;
			buildActionMask = 2147483647;
			files = (
			);
			runOnlyForDeploymentPostprocessing = 0;
		};
/* End PBXFrameworksBuildPhase section */

/* Begin PBXGroup section */
		06259BB527CA05360009EE67 = {
			isa = PBXGroup;
			children = (
				06259BC027CA05360009EE67 /* SimpleDemoProject1 */,
				06259BD727CA05370009EE67 /* SimpleDemoProject1Tests */,
				06259BE127CA05370009EE67 /* SimpleDemoProject1UITests */,
				06259BBF27CA05360009EE67 /* Products */,
			);
			sourceTree = "<group>";
		};
		06259BBF27CA05360009EE67 /* Products */ = {
			isa = PBXGroup;
			children = (
				06259BBE27CA05360009EE67 /* SimpleDemoProject1.app */,
				06259BD427CA05370009EE67 /* SimpleDemoProject1Tests.xctest */,
				06259BDE27CA05370009EE67 /* SimpleDemoProject1UITests.xctest */,
			);
			name = Products;
			sourceTree = "<group>";
		};
		06259BC027CA05360009EE67 /* SimpleDemoProject1 */ = {
			isa = PBXGroup;
			children = (
				06259BCF27CA05370009EE67 /* Info.plist */,
				06259BC127CA05360009EE67 /* AppDelegate.swift */,
				06259BC327CA05360009EE67 /* SceneDelegate.swift */,
				06259BCA27CA05370009EE67 /* Assets.xcassets */,
				067737A827CB6EDD00E1D51D /* Extensions */,
				06259BF527CA05970009EE67 /* Platform */,
				06259BF427CA05870009EE67 /* Model */,
				06259BF127CA053D0009EE67 /* Scenes */,
				06259C0E27CA26D60009EE67 /* Utils */,
				06259BCC27CA05370009EE67 /* LaunchScreen.storyboard */,
			);
			path = SimpleDemoProject1;
			sourceTree = "<group>";
		};
		06259BD727CA05370009EE67 /* SimpleDemoProject1Tests */ = {
			isa = PBXGroup;
			children = (
				06259BD827CA05370009EE67 /* SimpleDemoProject1Tests.swift */,
			);
			path = SimpleDemoProject1Tests;
			sourceTree = "<group>";
		};
		06259BE127CA05370009EE67 /* SimpleDemoProject1UITests */ = {
			isa = PBXGroup;
			children = (
				06259BE227CA05370009EE67 /* SimpleDemoProject1UITests.swift */,
				06259BE427CA05370009EE67 /* SimpleDemoProject1UITestsLaunchTests.swift */,
			);
			path = SimpleDemoProject1UITests;
			sourceTree = "<group>";
		};
		06259BF127CA053D0009EE67 /* Scenes */ = {
			isa = PBXGroup;
			children = (
				067737AB27CB716400E1D51D /* Detail */,
				06259BF327CA055D0009EE67 /* Main */,
				06259BF227CA05460009EE67 /* StoryBoards */,
			);
			path = Scenes;
			sourceTree = "<group>";
		};
		06259BF227CA05460009EE67 /* StoryBoards */ = {
			isa = PBXGroup;
			children = (
				06259BC727CA05360009EE67 /* Main.storyboard */,
			);
			path = StoryBoards;
			sourceTree = "<group>";
		};
		06259BF327CA055D0009EE67 /* Main */ = {
			isa = PBXGroup;
			children = (
				06259C1127CA27FB0009EE67 /* Cell */,
				06259BC527CA05360009EE67 /* MainViewController.swift */,
			);
			path = Main;
			sourceTree = "<group>";
		};
		06259BF427CA05870009EE67 /* Model */ = {
			isa = PBXGroup;
			children = (
				06259BF727CA05C00009EE67 /* BaseModel.swift */,
				06259BFB27CA084B0009EE67 /* Coin.swift */,
				06259C1627CA31C10009EE67 /* ReusableView.swift */,
				067737A627CB6E1400E1D51D /* ImageCache.swift */,
			);
			path = Model;
			sourceTree = "<group>";
		};
		06259BF527CA05970009EE67 /* Platform */ = {
			isa = PBXGroup;
			children = (
				06259C1827CA32F30009EE67 /* Repositories */,
				06259BF627CA05A30009EE67 /* Service */,
			);
			path = Platform;
			sourceTree = "<group>";
		};
		06259BF627CA05A30009EE67 /* Service */ = {
			isa = PBXGroup;
			children = (
				06259BFD27CA10FB0009EE67 /* API */,
				06259BF927CA06210009EE67 /* APIService.swift */,
			);
			path = Service;
			sourceTree = "<group>";
		};
		06259BFD27CA10FB0009EE67 /* API */ = {
			isa = PBXGroup;
			children = (
				067737A127CB5C9700E1D51D /* Response */,
				06259C0527CA17940009EE67 /* Request */,
				06259BFE27CA11080009EE67 /* Error */,
			);
			path = API;
			sourceTree = "<group>";
		};
		06259BFE27CA11080009EE67 /* Error */ = {
			isa = PBXGroup;
			children = (
				06259BFF27CA11140009EE67 /* HTTPStatusCode.swift */,
				06259C0127CA13120009EE67 /* ErrorResponse.swift */,
				06259C0327CA13AC0009EE67 /* BaseError.swift */,
			);
			path = Error;
			sourceTree = "<group>";
		};
		06259C0527CA17940009EE67 /* Request */ = {
			isa = PBXGroup;
			children = (
				06259C0627CA17D40009EE67 /* HTTPMethod.swift */,
				06259C0827CA18840009EE67 /* BaseRequest.swift */,
				06259C0A27CA26200009EE67 /* CoinsRequest.swift */,
			);
			path = Request;
			sourceTree = "<group>";
		};
		06259C0E27CA26D60009EE67 /* Utils */ = {
			isa = PBXGroup;
			children = (
				06259C0C27CA26770009EE67 /* URLs.swift */,
				06259C0F27CA276C0009EE67 /* Constants.swift */,
			);
			path = Utils;
			sourceTree = "<group>";
		};
		06259C1127CA27FB0009EE67 /* Cell */ = {
			isa = PBXGroup;
			children = (
				06259C1227CA30A10009EE67 /* CoinTableViewCell.swift */,
				06259C1327CA30A10009EE67 /* CoinTableViewCell.xib */,
			);
			path = Cell;
			sourceTree = "<group>";
		};
		06259C1827CA32F30009EE67 /* Repositories */ = {
			isa = PBXGroup;
			children = (
				06259C1927CA33240009EE67 /* CoinsRepository.swift */,
			);
			path = Repositories;
			sourceTree = "<group>";
		};
		067737A127CB5C9700E1D51D /* Response */ = {
			isa = PBXGroup;
			children = (
				067737A227CB5CA600E1D51D /* CoinsResponse.swift */,
				067737A427CB5E0F00E1D51D /* Response.swift */,
			);
			path = Response;
			sourceTree = "<group>";
		};
		067737A827CB6EDD00E1D51D /* Extensions */ = {
			isa = PBXGroup;
			children = (
				067737A927CB6EF000E1D51D /* UIImage+.swift */,
			);
			path = Extensions;
			sourceTree = "<group>";
		};
		067737AB27CB716400E1D51D /* Detail */ = {
			isa = PBXGroup;
			children = (
				067737AC27CB719700E1D51D /* CoinDetailViewController.swift */,
				067737AD27CB719700E1D51D /* CoinDetailViewController.xib */,
			);
			path = Detail;
			sourceTree = "<group>";
		};
/* End PBXGroup section */

/* Begin PBXNativeTarget section */
		06259BBD27CA05360009EE67 /* SimpleDemoProject1 */ = {
			isa = PBXNativeTarget;
			buildConfigurationList = 06259BE827CA05370009EE67 /* Build configuration list for PBXNativeTarget "SimpleDemoProject1" */;
			buildPhases = (
				06259BBA27CA05360009EE67 /* Sources */,
				06259BBB27CA05360009EE67 /* Frameworks */,
				06259BBC27CA05360009EE67 /* Resources */,
			);
			buildRules = (
			);
			dependencies = (
			);
			name = SimpleDemoProject1;
			productName = SimpleDemoProject1;
			productReference = 06259BBE27CA05360009EE67 /* SimpleDemoProject1.app */;
			productType = "com.apple.product-type.application";
		};
		06259BD327CA05370009EE67 /* SimpleDemoProject1Tests */ = {
			isa = PBXNativeTarget;
			buildConfigurationList = 06259BEB27CA05370009EE67 /* Build configuration list for PBXNativeTarget "SimpleDemoProject1Tests" */;
			buildPhases = (
				06259BD027CA05370009EE67 /* Sources */,
				06259BD127CA05370009EE67 /* Frameworks */,
				06259BD227CA05370009EE67 /* Resources */,
			);
			buildRules = (
			);
			dependencies = (
				06259BD627CA05370009EE67 /* PBXTargetDependency */,
			);
			name = SimpleDemoProject1Tests;
			productName = SimpleDemoProject1Tests;
			productReference = 06259BD427CA05370009EE67 /* SimpleDemoProject1Tests.xctest */;
			productType = "com.apple.product-type.bundle.unit-test";
		};
		06259BDD27CA05370009EE67 /* SimpleDemoProject1UITests */ = {
			isa = PBXNativeTarget;
			buildConfigurationList = 06259BEE27CA05370009EE67 /* Build configuration list for PBXNativeTarget "SimpleDemoProject1UITests" */;
			buildPhases = (
				06259BDA27CA05370009EE67 /* Sources */,
				06259BDB27CA05370009EE67 /* Frameworks */,
				06259BDC27CA05370009EE67 /* Resources */,
			);
			buildRules = (
			);
			dependencies = (
				06259BE027CA05370009EE67 /* PBXTargetDependency */,
			);
			name = SimpleDemoProject1UITests;
			productName = SimpleDemoProject1UITests;
			productReference = 06259BDE27CA05370009EE67 /* SimpleDemoProject1UITests.xctest */;
			productType = "com.apple.product-type.bundle.ui-testing";
		};
/* End PBXNativeTarget section */

/* Begin PBXProject section */
		06259BB627CA05360009EE67 /* Project object */ = {
			isa = PBXProject;
			attributes = {
				BuildIndependentTargetsInParallel = 1;
				LastSwiftUpdateCheck = 1320;
				LastUpgradeCheck = 1320;
				TargetAttributes = {
					06259BBD27CA05360009EE67 = {
						CreatedOnToolsVersion = 13.2;
					};
					06259BD327CA05370009EE67 = {
						CreatedOnToolsVersion = 13.2;
						TestTargetID = 06259BBD27CA05360009EE67;
					};
					06259BDD27CA05370009EE67 = {
						CreatedOnToolsVersion = 13.2;
						TestTargetID = 06259BBD27CA05360009EE67;
					};
				};
			};
			buildConfigurationList = 06259BB927CA05360009EE67 /* Build configuration list for PBXProject "SimpleDemoProject1" */;
			compatibilityVersion = "Xcode 13.0";
			developmentRegion = en;
			hasScannedForEncodings = 0;
			knownRegions = (
				en,
				Base,
			);
			mainGroup = 06259BB527CA05360009EE67;
			productRefGroup = 06259BBF27CA05360009EE67 /* Products */;
			projectDirPath = "";
			projectRoot = "";
			targets = (
				06259BBD27CA05360009EE67 /* SimpleDemoProject1 */,
				06259BD327CA05370009EE67 /* SimpleDemoProject1Tests */,
				06259BDD27CA05370009EE67 /* SimpleDemoProject1UITests */,
			);
		};
/* End PBXProject section */

/* Begin PBXResourcesBuildPhase section */
		06259BBC27CA05360009EE67 /* Resources */ = {
			isa = PBXResourcesBuildPhase;
			buildActionMask = 2147483647;
			files = (
				06259C1527CA30A10009EE67 /* CoinTableViewCell.xib in Resources */,
				06259BCE27CA05370009EE67 /* LaunchScreen.storyboard in Resources */,
				06259BCB27CA05370009EE67 /* Assets.xcassets in Resources */,
				06259BC927CA05360009EE67 /* Main.storyboard in Resources */,
				067737AF27CB719700E1D51D /* CoinDetailViewController.xib in Resources */,
			);
			runOnlyForDeploymentPostprocessing = 0;
		};
		06259BD227CA05370009EE67 /* Resources */ = {
			isa = PBXResourcesBuildPhase;
			buildActionMask = 2147483647;
			files = (
			);
			runOnlyForDeploymentPostprocessing = 0;
		};
		06259BDC27CA05370009EE67 /* Resources */ = {
			isa = PBXResourcesBuildPhase;
			buildActionMask = 2147483647;
			files = (
			);
			runOnlyForDeploymentPostprocessing = 0;
		};
/* End PBXResourcesBuildPhase section */

/* Begin PBXSourcesBuildPhase section */
		06259BBA27CA05360009EE67 /* Sources */ = {
			isa = PBXSourcesBuildPhase;
			buildActionMask = 2147483647;
			files = (
				06259C1A27CA33240009EE67 /* CoinsRepository.swift in Sources */,
				06259BC627CA05360009EE67 /* MainViewController.swift in Sources */,
				06259C0D27CA26770009EE67 /* URLs.swift in Sources */,
				06259BFA27CA06210009EE67 /* APIService.swift in Sources */,
				06259BFC27CA084B0009EE67 /* Coin.swift in Sources */,
				067737A527CB5E0F00E1D51D /* Response.swift in Sources */,
				06259BC227CA05360009EE67 /* AppDelegate.swift in Sources */,
				06259C1427CA30A10009EE67 /* CoinTableViewCell.swift in Sources */,
				06259C0B27CA26200009EE67 /* CoinsRequest.swift in Sources */,
				06259BF827CA05C00009EE67 /* BaseModel.swift in Sources */,
				067737A727CB6E1400E1D51D /* ImageCache.swift in Sources */,
				06259BC427CA05360009EE67 /* SceneDelegate.swift in Sources */,
				06259C0927CA18840009EE67 /* BaseRequest.swift in Sources */,
				06259C0027CA11140009EE67 /* HTTPStatusCode.swift in Sources */,
				06259C1727CA31C10009EE67 /* ReusableView.swift in Sources */,
				067737AA27CB6EF000E1D51D /* UIImage+.swift in Sources */,
				067737A327CB5CA600E1D51D /* CoinsResponse.swift in Sources */,
				06259C0427CA13AC0009EE67 /* BaseError.swift in Sources */,
				067737AE27CB719700E1D51D /* CoinDetailViewController.swift in Sources */,
				06259C1027CA276C0009EE67 /* Constants.swift in Sources */,
				06259C0727CA17D40009EE67 /* HTTPMethod.swift in Sources */,
				06259C0227CA13120009EE67 /* ErrorResponse.swift in Sources */,
			);
			runOnlyForDeploymentPostprocessing = 0;
		};
		06259BD027CA05370009EE67 /* Sources */ = {
			isa = PBXSourcesBuildPhase;
			buildActionMask = 2147483647;
			files = (
				06259BD927CA05370009EE67 /* SimpleDemoProject1Tests.swift in Sources */,
			);
			runOnlyForDeploymentPostprocessing = 0;
		};
		06259BDA27CA05370009EE67 /* Sources */ = {
			isa = PBXSourcesBuildPhase;
			buildActionMask = 2147483647;
			files = (
				06259BE327CA05370009EE67 /* SimpleDemoProject1UITests.swift in Sources */,
				06259BE527CA05370009EE67 /* SimpleDemoProject1UITestsLaunchTests.swift in Sources */,
			);
			runOnlyForDeploymentPostprocessing = 0;
		};
/* End PBXSourcesBuildPhase section */

/* Begin PBXTargetDependency section */
		06259BD627CA05370009EE67 /* PBXTargetDependency */ = {
			isa = PBXTargetDependency;
			target = 06259BBD27CA05360009EE67 /* SimpleDemoProject1 */;
			targetProxy = 06259BD527CA05370009EE67 /* PBXContainerItemProxy */;
		};
		06259BE027CA05370009EE67 /* PBXTargetDependency */ = {
			isa = PBXTargetDependency;
			target = 06259BBD27CA05360009EE67 /* SimpleDemoProject1 */;
			targetProxy = 06259BDF27CA05370009EE67 /* PBXContainerItemProxy */;
		};
/* End PBXTargetDependency section */

/* Begin PBXVariantGroup section */
		06259BC727CA05360009EE67 /* Main.storyboard */ = {
			isa = PBXVariantGroup;
			children = (
				06259BC827CA05360009EE67 /* Base */,
			);
			name = Main.storyboard;
			sourceTree = "<group>";
		};
		06259BCC27CA05370009EE67 /* LaunchScreen.storyboard */ = {
			isa = PBXVariantGroup;
			children = (
				06259BCD27CA05370009EE67 /* Base */,
			);
			name = LaunchScreen.storyboard;
			sourceTree = "<group>";
		};
/* End PBXVariantGroup section */

/* Begin XCBuildConfiguration section */
		06259BE627CA05370009EE67 /* Debug */ = {
			isa = XCBuildConfiguration;
			buildSettings = {
				ALWAYS_SEARCH_USER_PATHS = NO;
				CLANG_ANALYZER_NONNULL = YES;
				CLANG_ANALYZER_NUMBER_OBJECT_CONVERSION = YES_AGGRESSIVE;
				CLANG_CXX_LANGUAGE_STANDARD = "gnu++17";
				CLANG_CXX_LIBRARY = "libc++";
				CLANG_ENABLE_MODULES = YES;
				CLANG_ENABLE_OBJC_ARC = YES;
				CLANG_ENABLE_OBJC_WEAK = YES;
				CLANG_WARN_BLOCK_CAPTURE_AUTORELEASING = YES;
				CLANG_WARN_BOOL_CONVERSION = YES;
				CLANG_WARN_COMMA = YES;
				CLANG_WARN_CONSTANT_CONVERSION = YES;
				CLANG_WARN_DEPRECATED_OBJC_IMPLEMENTATIONS = YES;
				CLANG_WARN_DIRECT_OBJC_ISA_USAGE = YES_ERROR;
				CLANG_WARN_DOCUMENTATION_COMMENTS = YES;
				CLANG_WARN_EMPTY_BODY = YES;
				CLANG_WARN_ENUM_CONVERSION = YES;
				CLANG_WARN_INFINITE_RECURSION = YES;
				CLANG_WARN_INT_CONVERSION = YES;
				CLANG_WARN_NON_LITERAL_NULL_CONVERSION = YES;
				CLANG_WARN_OBJC_IMPLICIT_RETAIN_SELF = YES;
				CLANG_WARN_OBJC_LITERAL_CONVERSION = YES;
				CLANG_WARN_OBJC_ROOT_CLASS = YES_ERROR;
				CLANG_WARN_QUOTED_INCLUDE_IN_FRAMEWORK_HEADER = YES;
				CLANG_WARN_RANGE_LOOP_ANALYSIS = YES;
				CLANG_WARN_STRICT_PROTOTYPES = YES;
				CLANG_WARN_SUSPICIOUS_MOVE = YES;
				CLANG_WARN_UNGUARDED_AVAILABILITY = YES_AGGRESSIVE;
				CLANG_WARN_UNREACHABLE_CODE = YES;
				CLANG_WARN__DUPLICATE_METHOD_MATCH = YES;
				COPY_PHASE_STRIP = NO;
				DEBUG_INFORMATION_FORMAT = dwarf;
				ENABLE_STRICT_OBJC_MSGSEND = YES;
				ENABLE_TESTABILITY = YES;
				GCC_C_LANGUAGE_STANDARD = gnu11;
				GCC_DYNAMIC_NO_PIC = NO;
				GCC_NO_COMMON_BLOCKS = YES;
				GCC_OPTIMIZATION_LEVEL = 0;
				GCC_PREPROCESSOR_DEFINITIONS = (
					"DEBUG=1",
					"$(inherited)",
				);
				GCC_WARN_64_TO_32_BIT_CONVERSION = YES;
				GCC_WARN_ABOUT_RETURN_TYPE = YES_ERROR;
				GCC_WARN_UNDECLARED_SELECTOR = YES;
				GCC_WARN_UNINITIALIZED_AUTOS = YES_AGGRESSIVE;
				GCC_WARN_UNUSED_FUNCTION = YES;
				GCC_WARN_UNUSED_VARIABLE = YES;
				IPHONEOS_DEPLOYMENT_TARGET = 15.2;
				MTL_ENABLE_DEBUG_INFO = INCLUDE_SOURCE;
				MTL_FAST_MATH = YES;
				ONLY_ACTIVE_ARCH = YES;
				SDKROOT = iphoneos;
				SWIFT_ACTIVE_COMPILATION_CONDITIONS = DEBUG;
				SWIFT_OPTIMIZATION_LEVEL = "-Onone";
			};
			name = Debug;
		};
		06259BE727CA05370009EE67 /* Release */ = {
			isa = XCBuildConfiguration;
			buildSettings = {
				ALWAYS_SEARCH_USER_PATHS = NO;
				CLANG_ANALYZER_NONNULL = YES;
				CLANG_ANALYZER_NUMBER_OBJECT_CONVERSION = YES_AGGRESSIVE;
				CLANG_CXX_LANGUAGE_STANDARD = "gnu++17";
				CLANG_CXX_LIBRARY = "libc++";
				CLANG_ENABLE_MODULES = YES;
				CLANG_ENABLE_OBJC_ARC = YES;
				CLANG_ENABLE_OBJC_WEAK = YES;
				CLANG_WARN_BLOCK_CAPTURE_AUTORELEASING = YES;
				CLANG_WARN_BOOL_CONVERSION = YES;
				CLANG_WARN_COMMA = YES;
				CLANG_WARN_CONSTANT_CONVERSION = YES;
				CLANG_WARN_DEPRECATED_OBJC_IMPLEMENTATIONS = YES;
				CLANG_WARN_DIRECT_OBJC_ISA_USAGE = YES_ERROR;
				CLANG_WARN_DOCUMENTATION_COMMENTS = YES;
				CLANG_WARN_EMPTY_BODY = YES;
				CLANG_WARN_ENUM_CONVERSION = YES;
				CLANG_WARN_INFINITE_RECURSION = YES;
				CLANG_WARN_INT_CONVERSION = YES;
				CLANG_WARN_NON_LITERAL_NULL_CONVERSION = YES;
				CLANG_WARN_OBJC_IMPLICIT_RETAIN_SELF = YES;
				CLANG_WARN_OBJC_LITERAL_CONVERSION = YES;
				CLANG_WARN_OBJC_ROOT_CLASS = YES_ERROR;
				CLANG_WARN_QUOTED_INCLUDE_IN_FRAMEWORK_HEADER = YES;
				CLANG_WARN_RANGE_LOOP_ANALYSIS = YES;
				CLANG_WARN_STRICT_PROTOTYPES = YES;
				CLANG_WARN_SUSPICIOUS_MOVE = YES;
				CLANG_WARN_UNGUARDED_AVAILABILITY = YES_AGGRESSIVE;
				CLANG_WARN_UNREACHABLE_CODE = YES;
				CLANG_WARN__DUPLICATE_METHOD_MATCH = YES;
				COPY_PHASE_STRIP = NO;
				DEBUG_INFORMATION_FORMAT = "dwarf-with-dsym";
				ENABLE_NS_ASSERTIONS = NO;
				ENABLE_STRICT_OBJC_MSGSEND = YES;
				GCC_C_LANGUAGE_STANDARD = gnu11;
				GCC_NO_COMMON_BLOCKS = YES;
				GCC_WARN_64_TO_32_BIT_CONVERSION = YES;
				GCC_WARN_ABOUT_RETURN_TYPE = YES_ERROR;
				GCC_WARN_UNDECLARED_SELECTOR = YES;
				GCC_WARN_UNINITIALIZED_AUTOS = YES_AGGRESSIVE;
				GCC_WARN_UNUSED_FUNCTION = YES;
				GCC_WARN_UNUSED_VARIABLE = YES;
				IPHONEOS_DEPLOYMENT_TARGET = 15.2;
				MTL_ENABLE_DEBUG_INFO = NO;
				MTL_FAST_MATH = YES;
				SDKROOT = iphoneos;
				SWIFT_COMPILATION_MODE = wholemodule;
				SWIFT_OPTIMIZATION_LEVEL = "-O";
				VALIDATE_PRODUCT = YES;
			};
			name = Release;
		};
		06259BE927CA05370009EE67 /* Debug */ = {
			isa = XCBuildConfiguration;
			buildSettings = {
				ASSETCATALOG_COMPILER_APPICON_NAME = AppIcon;
				ASSETCATALOG_COMPILER_GLOBAL_ACCENT_COLOR_NAME = AccentColor;
				CODE_SIGN_STYLE = Automatic;
				CURRENT_PROJECT_VERSION = 1;
				DEVELOPMENT_TEAM = 42BJ859V33;
				GENERATE_INFOPLIST_FILE = YES;
				INFOPLIST_FILE = SimpleDemoProject1/Info.plist;
				INFOPLIST_KEY_UIApplicationSupportsIndirectInputEvents = YES;
				INFOPLIST_KEY_UILaunchStoryboardName = LaunchScreen;
				INFOPLIST_KEY_UIMainStoryboardFile = Main;
				INFOPLIST_KEY_UISupportedInterfaceOrientations_iPad = "UIInterfaceOrientationPortrait UIInterfaceOrientationPortraitUpsideDown UIInterfaceOrientationLandscapeLeft UIInterfaceOrientationLandscapeRight";
				INFOPLIST_KEY_UISupportedInterfaceOrientations_iPhone = "UIInterfaceOrientationPortrait UIInterfaceOrientationLandscapeLeft UIInterfaceOrientationLandscapeRight";
				LD_RUNPATH_SEARCH_PATHS = (
					"$(inherited)",
					"@executable_path/Frameworks",
				);
				MARKETING_VERSION = 1.0;
				PRODUCT_BUNDLE_IDENTIFIER = learn.SimpleDemoProject1;
				PRODUCT_NAME = "$(TARGET_NAME)";
				SWIFT_EMIT_LOC_STRINGS = YES;
				SWIFT_VERSION = 5.0;
				TARGETED_DEVICE_FAMILY = "1,2";
			};
			name = Debug;
		};
		06259BEA27CA05370009EE67 /* Release */ = {
			isa = XCBuildConfiguration;
			buildSettings = {
				ASSETCATALOG_COMPILER_APPICON_NAME = AppIcon;
				ASSETCATALOG_COMPILER_GLOBAL_ACCENT_COLOR_NAME = AccentColor;
				CODE_SIGN_STYLE = Automatic;
				CURRENT_PROJECT_VERSION = 1;
				DEVELOPMENT_TEAM = 42BJ859V33;
				GENERATE_INFOPLIST_FILE = YES;
				INFOPLIST_FILE = SimpleDemoProject1/Info.plist;
				INFOPLIST_KEY_UIApplicationSupportsIndirectInputEvents = YES;
				INFOPLIST_KEY_UILaunchStoryboardName = LaunchScreen;
				INFOPLIST_KEY_UIMainStoryboardFile = Main;
				INFOPLIST_KEY_UISupportedInterfaceOrientations_iPad = "UIInterfaceOrientationPortrait UIInterfaceOrientationPortraitUpsideDown UIInterfaceOrientationLandscapeLeft UIInterfaceOrientationLandscapeRight";
				INFOPLIST_KEY_UISupportedInterfaceOrientations_iPhone = "UIInterfaceOrientationPortrait UIInterfaceOrientationLandscapeLeft UIInterfaceOrientationLandscapeRight";
				LD_RUNPATH_SEARCH_PATHS = (
					"$(inherited)",
					"@executable_path/Frameworks",
				);
				MARKETING_VERSION = 1.0;
				PRODUCT_BUNDLE_IDENTIFIER = learn.SimpleDemoProject1;
				PRODUCT_NAME = "$(TARGET_NAME)";
				SWIFT_EMIT_LOC_STRINGS = YES;
				SWIFT_VERSION = 5.0;
				TARGETED_DEVICE_FAMILY = "1,2";
			};
			name = Release;
		};
		06259BEC27CA05370009EE67 /* Debug */ = {
			isa = XCBuildConfiguration;
			buildSettings = {
				ALWAYS_EMBED_SWIFT_STANDARD_LIBRARIES = YES;
				BUNDLE_LOADER = "$(TEST_HOST)";
				CODE_SIGN_STYLE = Automatic;
				CURRENT_PROJECT_VERSION = 1;
				DEVELOPMENT_TEAM = 42BJ859V33;
				GENERATE_INFOPLIST_FILE = YES;
				IPHONEOS_DEPLOYMENT_TARGET = 15.2;
				MARKETING_VERSION = 1.0;
				PRODUCT_BUNDLE_IDENTIFIER = learn.SimpleDemoProject1Tests;
				PRODUCT_NAME = "$(TARGET_NAME)";
				SWIFT_EMIT_LOC_STRINGS = NO;
				SWIFT_VERSION = 5.0;
				TARGETED_DEVICE_FAMILY = "1,2";
				TEST_HOST = "$(BUILT_PRODUCTS_DIR)/SimpleDemoProject1.app/SimpleDemoProject1";
			};
			name = Debug;
		};
		06259BED27CA05370009EE67 /* Release */ = {
			isa = XCBuildConfiguration;
			buildSettings = {
				ALWAYS_EMBED_SWIFT_STANDARD_LIBRARIES = YES;
				BUNDLE_LOADER = "$(TEST_HOST)";
				CODE_SIGN_STYLE = Automatic;
				CURRENT_PROJECT_VERSION = 1;
				DEVELOPMENT_TEAM = 42BJ859V33;
				GENERATE_INFOPLIST_FILE = YES;
				IPHONEOS_DEPLOYMENT_TARGET = 15.2;
				MARKETING_VERSION = 1.0;
				PRODUCT_BUNDLE_IDENTIFIER = learn.SimpleDemoProject1Tests;
				PRODUCT_NAME = "$(TARGET_NAME)";
				SWIFT_EMIT_LOC_STRINGS = NO;
				SWIFT_VERSION = 5.0;
				TARGETED_DEVICE_FAMILY = "1,2";
				TEST_HOST = "$(BUILT_PRODUCTS_DIR)/SimpleDemoProject1.app/SimpleDemoProject1";
			};
			name = Release;
		};
		06259BEF27CA05370009EE67 /* Debug */ = {
			isa = XCBuildConfiguration;
			buildSettings = {
				ALWAYS_EMBED_SWIFT_STANDARD_LIBRARIES = YES;
				CODE_SIGN_STYLE = Automatic;
				CURRENT_PROJECT_VERSION = 1;
				DEVELOPMENT_TEAM = 42BJ859V33;
				GENERATE_INFOPLIST_FILE = YES;
				MARKETING_VERSION = 1.0;
				PRODUCT_BUNDLE_IDENTIFIER = learn.SimpleDemoProject1UITests;
				PRODUCT_NAME = "$(TARGET_NAME)";
				SWIFT_EMIT_LOC_STRINGS = NO;
				SWIFT_VERSION = 5.0;
				TARGETED_DEVICE_FAMILY = "1,2";
				TEST_TARGET_NAME = SimpleDemoProject1;
			};
			name = Debug;
		};
		06259BF027CA05370009EE67 /* Release */ = {
			isa = XCBuildConfiguration;
			buildSettings = {
				ALWAYS_EMBED_SWIFT_STANDARD_LIBRARIES = YES;
				CODE_SIGN_STYLE = Automatic;
				CURRENT_PROJECT_VERSION = 1;
				DEVELOPMENT_TEAM = 42BJ859V33;
				GENERATE_INFOPLIST_FILE = YES;
				MARKETING_VERSION = 1.0;
				PRODUCT_BUNDLE_IDENTIFIER = learn.SimpleDemoProject1UITests;
				PRODUCT_NAME = "$(TARGET_NAME)";
				SWIFT_EMIT_LOC_STRINGS = NO;
				SWIFT_VERSION = 5.0;
				TARGETED_DEVICE_FAMILY = "1,2";
				TEST_TARGET_NAME = SimpleDemoProject1;
			};
			name = Release;
		};
/* End XCBuildConfiguration section */

/* Begin XCConfigurationList section */
		06259BB927CA05360009EE67 /* Build configuration list for PBXProject "SimpleDemoProject1" */ = {
			isa = XCConfigurationList;
			buildConfigurations = (
				06259BE627CA05370009EE67 /* Debug */,
				06259BE727CA05370009EE67 /* Release */,
			);
			defaultConfigurationIsVisible = 0;
			defaultConfigurationName = Release;
		};
		06259BE827CA05370009EE67 /* Build configuration list for PBXNativeTarget "SimpleDemoProject1" */ = {
			isa = XCConfigurationList;
			buildConfigurations = (
				06259BE927CA05370009EE67 /* Debug */,
				06259BEA27CA05370009EE67 /* Release */,
			);
			defaultConfigurationIsVisible = 0;
			defaultConfigurationName = Release;
		};
		06259BEB27CA05370009EE67 /* Build configuration list for PBXNativeTarget "SimpleDemoProject1Tests" */ = {
			isa = XCConfigurationList;
			buildConfigurations = (
				06259BEC27CA05370009EE67 /* Debug */,
				06259BED27CA05370009EE67 /* Release */,
			);
			defaultConfigurationIsVisible = 0;
			defaultConfigurationName = Release;
		};
		06259BEE27CA05370009EE67 /* Build configuration list for PBXNativeTarget "SimpleDemoProject1UITests" */ = {
			isa = XCConfigurationList;
			buildConfigurations = (
				06259BEF27CA05370009EE67 /* Debug */,
				06259BF027CA05370009EE67 /* Release */,
			);
			defaultConfigurationIsVisible = 0;
			defaultConfigurationName = Release;
		};
/* End XCConfigurationList section */
	};
	rootObject = 06259BB627CA05360009EE67 /* Project object */;
}
